<?xml version="1.0" encoding="utf-8"?>
<Project ToolsVersion="4.0" xmlns="http://schemas.microsoft.com/developer/msbuild/2003">
  <ItemGroup>
    <Filter Include="Resource Files">
      <UniqueIdentifier>{67DA6AB6-F800-4c08-8B7A-83BB121AAD01}</UniqueIdentifier>
      <Extensions>rc;ico;cur;bmp;dlg;rc2;rct;bin;rgs;gif;jpg;jpeg;jpe;resx;tiff;tif;png;wav;mfcribbon-ms</Extensions>
    </Filter>
    <Filter Include="xvdr">
      <UniqueIdentifier>{a9f192a5-8258-4118-975b-6de5be0c52ac}</UniqueIdentifier>
    </Filter>
    <Filter Include="libxvdr">
      <UniqueIdentifier>{78d8624e-9825-4747-b050-71af7c17729d}</UniqueIdentifier>
    </Filter>
    <Filter Include="libxvdr\src">
      <UniqueIdentifier>{f477548d-8db0-4f74-8dd4-6487b7ea6588}</UniqueIdentifier>
    </Filter>
    <Filter Include="libxvdr\include">
      <UniqueIdentifier>{a891b966-5413-49fc-b1ae-6b335edf0d2e}</UniqueIdentifier>
    </Filter>
    <Filter Include="libxvdr\include\xvdr">
      <UniqueIdentifier>{ec658240-e590-4f46-abde-fc402bb6d603}</UniqueIdentifier>
    </Filter>
    <Filter Include="libxvdr\src\pthreads-win32">
      <UniqueIdentifier>{386f9e11-5521-4ed6-a451-95fda3618774}</UniqueIdentifier>
    </Filter>
  </ItemGroup>
  <ItemGroup>
    <ClCompile Include="..\..\xvdr\XBMCAddon.cpp">
      <Filter>xvdr</Filter>
    </ClCompile>
    <ClCompile Include="..\..\xvdr\XBMCCallbacks.cpp">
      <Filter>xvdr</Filter>
    </ClCompile>
    <ClCompile Include="..\..\xvdr\XBMCChannelScan.cpp">
      <Filter>xvdr</Filter>
    </ClCompile>
    <ClCompile Include="..\..\xvdr\XBMCSettings.cpp">
      <Filter>xvdr</Filter>
    </ClCompile>
    <ClCompile Include="..\..\libxvdr\src\clientinterface.cpp">
      <Filter>libxvdr\src</Filter>
    </ClCompile>
    <ClCompile Include="..\..\libxvdr\src\connection.cpp">
      <Filter>libxvdr\src</Filter>
    </ClCompile>
    <ClCompile Include="..\..\libxvdr\src\dataset.cpp">
      <Filter>libxvdr\src</Filter>
    </ClCompile>
    <ClCompile Include="..\..\libxvdr\src\demux.cpp">
      <Filter>libxvdr\src</Filter>
    </ClCompile>
    <ClCompile Include="..\..\libxvdr\src\iso639.cpp">
      <Filter>libxvdr\src</Filter>
    </ClCompile>
    <ClCompile Include="..\..\libxvdr\src\msgpacket.cpp">
      <Filter>libxvdr\src</Filter>
    </ClCompile>
    <ClCompile Include="..\..\libxvdr\src\os-config.cpp">
      <Filter>libxvdr\src</Filter>
    </ClCompile>
    <ClCompile Include="..\..\libxvdr\src\session.cpp">
      <Filter>libxvdr\src</Filter>
    </ClCompile>
    <ClCompile Include="..\..\libxvdr\src\thread.cpp">
      <Filter>libxvdr\src</Filter>
    </ClCompile>
  </ItemGroup>
  <ItemGroup>
    <ClInclude Include="..\..\xvdr\XBMCSettings.h">
      <Filter>xvdr</Filter>
    </ClInclude>
    <ClInclude Include="..\..\xvdr\XBMCAddon.h">
      <Filter>xvdr</Filter>
    </ClInclude>
    <ClInclude Include="..\..\xvdr\XBMCCallbacks.h">
      <Filter>xvdr</Filter>
    </ClInclude>
    <ClInclude Include="..\..\xvdr\XBMCChannelScan.h">
      <Filter>xvdr</Filter>
    </ClInclude>
    <ClInclude Include="..\..\libxvdr\include\xvdr\clientinterface.h">
      <Filter>libxvdr\include\xvdr</Filter>
    </ClInclude>
    <ClInclude Include="..\..\libxvdr\include\xvdr\thread.h">
      <Filter>libxvdr\include\xvdr</Filter>
    </ClInclude>
    <ClInclude Include="..\..\libxvdr\include\xvdr\command.h">
      <Filter>libxvdr\include\xvdr</Filter>
    </ClInclude>
    <ClInclude Include="..\..\libxvdr\include\xvdr\connection.h">
      <Filter>libxvdr\include\xvdr</Filter>
    </ClInclude>
    <ClInclude Include="..\..\libxvdr\include\xvdr\dataset.h">
      <Filter>libxvdr\include\xvdr</Filter>
    </ClInclude>
    <ClInclude Include="..\..\libxvdr\include\xvdr\demux.h">
      <Filter>libxvdr\include\xvdr</Filter>
    </ClInclude>
    <ClInclude Include="..\..\libxvdr\include\xvdr\msgpacket.h">
      <Filter>libxvdr\include\xvdr</Filter>
    </ClInclude>
    <ClInclude Include="..\..\libxvdr\include\xvdr\session.h">
      <Filter>libxvdr\include\xvdr</Filter>
    </ClInclude>
    <ClInclude Include="..\..\libxvdr\src\avcodec.h">
      <Filter>libxvdr\src</Filter>
    </ClInclude>
    <ClInclude Include="..\..\libxvdr\src\iso639.h">
      <Filter>libxvdr\src</Filter>
    </ClInclude>
    <ClInclude Include="..\..\libxvdr\src\os-config.h">
      <Filter>libxvdr\src</Filter>
    </ClInclude>
    <ClInclude Include="..\..\libxvdr\src\pthreads-win32\sched.h">
      <Filter>libxvdr\src\pthreads-win32</Filter>
    </ClInclude>
    <ClInclude Include="..\..\libxvdr\src\pthreads-win32\pthread.h">
      <Filter>libxvdr\src\pthreads-win32</Filter>
    </ClInclude>
  </ItemGroup>
</Project>